// !$*UTF8*$!
{
	archiveVersion = 1;
	classes = {
	};
	objectVersion = 50;
	objects = {

/* Begin PBXBuildFile section */
		CAEDCD2B21FA087500EA3124 /* AppDelegate.swift in Sources */ = {isa = PBXBuildFile; fileRef = CAEDCD2A21FA087500EA3124 /* AppDelegate.swift */; };
		CAEDCD2D21FA087500EA3124 /* ViewController.swift in Sources */ = {isa = PBXBuildFile; fileRef = CAEDCD2C21FA087500EA3124 /* ViewController.swift */; };
		CAEDCD3021FA087500EA3124 /* Main.storyboard in Resources */ = {isa = PBXBuildFile; fileRef = CAEDCD2E21FA087500EA3124 /* Main.storyboard */; };
		CAEDCD3221FA087600EA3124 /* Assets.xcassets in Resources */ = {isa = PBXBuildFile; fileRef = CAEDCD3121FA087600EA3124 /* Assets.xcassets */; };
		CAEDCD3521FA087600EA3124 /* LaunchScreen.storyboard in Resources */ = {isa = PBXBuildFile; fileRef = CAEDCD3321FA087600EA3124 /* LaunchScreen.storyboard */; };
		CAEDCD4021FA372D00EA3124 /* Question.swift in Sources */ = {isa = PBXBuildFile; fileRef = CAEDCD3F21FA372D00EA3124 /* Question.swift */; };
		CAEDCD4321FA3C8600EA3124 /* QuestionBank.swift in Sources */ = {isa = PBXBuildFile; fileRef = CAEDCD4221FA3C8600EA3124 /* QuestionBank.swift */; };
		CAEDCD4921FA48DF00EA3124 /* BtnBorder.swift in Sources */ = {isa = PBXBuildFile; fileRef = CAEDCD4821FA48DF00EA3124 /* BtnBorder.swift */; };
/* End PBXBuildFile section */

/* Begin PBXFileReference section */
		CAEDCD2721FA087500EA3124 /* Occlusion NBDE prep.app */ = {isa = PBXFileReference; explicitFileType = wrapper.application; includeInIndex = 0; path = "Occlusion NBDE prep.app"; sourceTree = BUILT_PRODUCTS_DIR; };
		CAEDCD2A21FA087500EA3124 /* AppDelegate.swift */ = {isa = PBXFileReference; lastKnownFileType = sourcecode.swift; path = AppDelegate.swift; sourceTree = "<group>"; };
		CAEDCD2C21FA087500EA3124 /* ViewController.swift */ = {isa = PBXFileReference; lastKnownFileType = sourcecode.swift; path = ViewController.swift; sourceTree = "<group>"; };
		CAEDCD2F21FA087500EA3124 /* Base */ = {isa = PBXFileReference; lastKnownFileType = file.storyboard; name = Base; path = Base.lproj/Main.storyboard; sourceTree = "<group>"; };
		CAEDCD3121FA087600EA3124 /* Assets.xcassets */ = {isa = PBXFileReference; lastKnownFileType = folder.assetcatalog; path = Assets.xcassets; sourceTree = "<group>"; };
		CAEDCD3421FA087600EA3124 /* Base */ = {isa = PBXFileReference; lastKnownFileType = file.storyboard; name = Base; path = Base.lproj/LaunchScreen.storyboard; sourceTree = "<group>"; };
		CAEDCD3621FA087600EA3124 /* Info.plist */ = {isa = PBXFileReference; lastKnownFileType = text.plist.xml; path = Info.plist; sourceTree = "<group>"; };
		CAEDCD3F21FA372D00EA3124 /* Question.swift */ = {isa = PBXFileReference; lastKnownFileType = sourcecode.swift; path = Question.swift; sourceTree = "<group>"; };
		CAEDCD4221FA3C8600EA3124 /* QuestionBank.swift */ = {isa = PBXFileReference; lastKnownFileType = sourcecode.swift; path = QuestionBank.swift; sourceTree = "<group>"; };
		CAEDCD4821FA48DF00EA3124 /* BtnBorder.swift */ = {isa = PBXFileReference; lastKnownFileType = sourcecode.swift; path = BtnBorder.swift; sourceTree = "<group>"; };
/* End PBXFileReference section */

/* Begin PBXFrameworksBuildPhase section */
		CAEDCD2421FA087500EA3124 /* Frameworks */ = {
			isa = PBXFrameworksBuildPhase;
			buildActionMask = 2147483647;
			files = (
			);
			runOnlyForDeploymentPostprocessing = 0;
		};
/* End PBXFrameworksBuildPhase section */

/* Begin PBXGroup section */
		CAEDCD1E21FA087500EA3124 = {
			isa = PBXGroup;
			children = (
				CAEDCD2921FA087500EA3124 /* Occlusion NBDE prep */,
				CAEDCD2821FA087500EA3124 /* Products */,
			);
			sourceTree = "<group>";
		};
		CAEDCD2821FA087500EA3124 /* Products */ = {
			isa = PBXGroup;
			children = (
				CAEDCD2721FA087500EA3124 /* Occlusion NBDE prep.app */,
			);
			name = Products;
			sourceTree = "<group>";
		};
		CAEDCD2921FA087500EA3124 /* Occlusion NBDE prep */ = {
			isa = PBXGroup;
			children = (
				CAEDCD2A21FA087500EA3124 /* AppDelegate.swift */,
				CAEDCD4121FA374600EA3124 /* Model */,
				CAEDCD3C21FA088F00EA3124 /* Controllers */,
				CAEDCD3D21FA089C00EA3124 /* Views */,
				CAEDCD3121FA087600EA3124 /* Assets.xcassets */,
				CAEDCD3321FA087600EA3124 /* LaunchScreen.storyboard */,
				CAEDCD3621FA087600EA3124 /* Info.plist */,
			);
			path = "Occlusion NBDE prep";
			sourceTree = "<group>";
		};
		CAEDCD3C21FA088F00EA3124 /* Controllers */ = {
			isa = PBXGroup;
			children = (
				CAEDCD2C21FA087500EA3124 /* ViewController.swift */,
				CAEDCD4821FA48DF00EA3124 /* BtnBorder.swift */,
			);
			path = Controllers;
			sourceTree = "<group>";
		};
		CAEDCD3D21FA089C00EA3124 /* Views */ = {
			isa = PBXGroup;
			children = (
				CAEDCD2E21FA087500EA3124 /* Main.storyboard */,
			);
			path = Views;
			sourceTree = "<group>";
		};
		CAEDCD4121FA374600EA3124 /* Model */ = {
			isa = PBXGroup;
			children = (
				CAEDCD3F21FA372D00EA3124 /* Question.swift */,
				CAEDCD4221FA3C8600EA3124 /* QuestionBank.swift */,
			);
			path = Model;
			sourceTree = "<group>";
		};
/* End PBXGroup section */

/* Begin PBXNativeTarget section */
		CAEDCD2621FA087500EA3124 /* Occlusion NBDE prep */ = {
			isa = PBXNativeTarget;
			buildConfigurationList = CAEDCD3921FA087600EA3124 /* Build configuration list for PBXNativeTarget "Occlusion NBDE prep" */;
			buildPhases = (
				CAEDCD2321FA087500EA3124 /* Sources */,
				CAEDCD2421FA087500EA3124 /* Frameworks */,
				CAEDCD2521FA087500EA3124 /* Resources */,
			);
			buildRules = (
			);
			dependencies = (
			);
			name = "Occlusion NBDE prep";
			productName = "Occlusion NBDE prep";
			productReference = CAEDCD2721FA087500EA3124 /* Occlusion NBDE prep.app */;
			productType = "com.apple.product-type.application";
		};
/* End PBXNativeTarget section */

/* Begin PBXProject section */
		CAEDCD1F21FA087500EA3124 /* Project object */ = {
			isa = PBXProject;
			attributes = {
				LastSwiftUpdateCheck = 1010;
				LastUpgradeCheck = 1010;
				ORGANIZATIONNAME = "Nauman Bajwa";
				TargetAttributes = {
					CAEDCD2621FA087500EA3124 = {
						CreatedOnToolsVersion = 10.1;
					};
				};
			};
			buildConfigurationList = CAEDCD2221FA087500EA3124 /* Build configuration list for PBXProject "Occlusion NBDE prep" */;
			compatibilityVersion = "Xcode 9.3";
			developmentRegion = en;
			hasScannedForEncodings = 0;
			knownRegions = (
				en,
				Base,
			);
			mainGroup = CAEDCD1E21FA087500EA3124;
			productRefGroup = CAEDCD2821FA087500EA3124 /* Products */;
			projectDirPath = "";
			projectRoot = "";
			targets = (
				CAEDCD2621FA087500EA3124 /* Occlusion NBDE prep */,
			);
		};
/* End PBXProject section */

/* Begin PBXResourcesBuildPhase section */
		CAEDCD2521FA087500EA3124 /* Resources */ = {
			isa = PBXResourcesBuildPhase;
			buildActionMask = 2147483647;
			files = (
				CAEDCD3521FA087600EA3124 /* LaunchScreen.storyboard in Resources */,
				CAEDCD3221FA087600EA3124 /* Assets.xcassets in Resources */,
				CAEDCD3021FA087500EA3124 /* Main.storyboard in Resources */,
			);
			runOnlyForDeploymentPostprocessing = 0;
		};
/* End PBXResourcesBuildPhase section */

/* Begin PBXSourcesBuildPhase section */
		CAEDCD2321FA087500EA3124 /* Sources */ = {
			isa = PBXSourcesBuildPhase;
			buildActionMask = 2147483647;
			files = (
				CAEDCD4021FA372D00EA3124 /* Question.swift in Sources */,
				CAEDCD4321FA3C8600EA3124 /* QuestionBank.swift in Sources */,
				CAEDCD4921FA48DF00EA3124 /* BtnBorder.swift in Sources */,
				CAEDCD2D21FA087500EA3124 /* ViewController.swift in Sources */,
				CAEDCD2B21FA087500EA3124 /* AppDelegate.swift in Sources */,
			);
			runOnlyForDeploymentPostprocessing = 0;
		};
/* End PBXSourcesBuildPhase section */

/* Begin PBXVariantGroup section */
		CAEDCD2E21FA087500EA3124 /* Main.storyboard */ = {
			isa = PBXVariantGroup;
			children = (
				CAEDCD2F21FA087500EA3124 /* Base */,
			);
			name = Main.storyboard;
			sourceTree = "<group>";
		};
		CAEDCD3321FA087600EA3124 /* LaunchScreen.storyboard */ = {
			isa = PBXVariantGroup;
			children = (
				CAEDCD3421FA087600EA3124 /* Base */,
			);
			name = LaunchScreen.storyboard;
			sourceTree = "<group>";
		};
/* End PBXVariantGroup section */

/* Begin XCBuildConfiguration section */
		CAEDCD3721FA087600EA3124 /* Debug */ = {
			isa = XCBuildConfiguration;
			buildSettings = {
				ALWAYS_SEARCH_USER_PATHS = NO;
				CLANG_ANALYZER_NONNULL = YES;
				CLANG_ANALYZER_NUMBER_OBJECT_CONVERSION = YES_AGGRESSIVE;
				CLANG_CXX_LANGUAGE_STANDARD = "gnu++14";
				CLANG_CXX_LIBRARY = "libc++";
				CLANG_ENABLE_MODULES = YES;
				CLANG_ENABLE_OBJC_ARC = YES;
				CLANG_ENABLE_OBJC_WEAK = YES;
				CLANG_WARN_BLOCK_CAPTURE_AUTORELEASING = YES;
				CLANG_WARN_BOOL_CONVERSION = YES;
				CLANG_WARN_COMMA = YES;
				CLANG_WARN_CONSTANT_CONVERSION = YES;
				CLANG_WARN_DEPRECATED_OBJC_IMPLEMENTATIONS = YES;
				CLANG_WARN_DIRECT_OBJC_ISA_USAGE = YES_ERROR;
				CLANG_WARN_DOCUMENTATION_COMMENTS = YES;
				CLANG_WARN_EMPTY_BODY = YES;
				CLANG_WARN_ENUM_CONVERSION = YES;
				CLANG_WARN_INFINITE_RECURSION = YES;
				CLANG_WARN_INT_CONVERSION = YES;
				CLANG_WARN_NON_LITERAL_NULL_CONVERSION = YES;
				CLANG_WARN_OBJC_IMPLICIT_RETAIN_SELF = YES;
				CLANG_WARN_OBJC_LITERAL_CONVERSION = YES;
				CLANG_WARN_OBJC_ROOT_CLASS = YES_ERROR;
				CLANG_WARN_RANGE_LOOP_ANALYSIS = YES;
				CLANG_WARN_STRICT_PROTOTYPES = YES;
				CLANG_WARN_SUSPICIOUS_MOVE = YES;
				CLANG_WARN_UNGUARDED_AVAILABILITY = YES_AGGRESSIVE;
				CLANG_WARN_UNREACHABLE_CODE = YES;
				CLANG_WARN__DUPLICATE_METHOD_MATCH = YES;
				CODE_SIGN_IDENTITY = "iPhone Developer";
				COPY_PHASE_STRIP = NO;
				DEBUG_INFORMATION_FORMAT = dwarf;
				ENABLE_STRICT_OBJC_MSGSEND = YES;
				ENABLE_TESTABILITY = YES;
				GCC_C_LANGUAGE_STANDARD = gnu11;
				GCC_DYNAMIC_NO_PIC = NO;
				GCC_NO_COMMON_BLOCKS = YES;
				GCC_OPTIMIZATION_LEVEL = 0;
				GCC_PREPROCESSOR_DEFINITIONS = (
					"DEBUG=1",
					"$(inherited)",
				);
				GCC_WARN_64_TO_32_BIT_CONVERSION = YES;
				GCC_WARN_ABOUT_RETURN_TYPE = YES_ERROR;
				GCC_WARN_UNDECLARED_SELECTOR = YES;
				GCC_WARN_UNINITIALIZED_AUTOS = YES_AGGRESSIVE;
				GCC_WARN_UNUSED_FUNCTION = YES;
				GCC_WARN_UNUSED_VARIABLE = YES;
				IPHONEOS_DEPLOYMENT_TARGET = 12.1;
				MTL_ENABLE_DEBUG_INFO = INCLUDE_SOURCE;
				MTL_FAST_MATH = YES;
				ONLY_ACTIVE_ARCH = YES;
				SDKROOT = iphoneos;
				SWIFT_ACTIVE_COMPILATION_CONDITIONS = DEBUG;
				SWIFT_OPTIMIZATION_LEVEL = "-Onone";
			};
			name = Debug;
		};
		CAEDCD3821FA087600EA3124 /* Release */ = {
			isa = XCBuildConfiguration;
			buildSettings = {
				ALWAYS_SEARCH_USER_PATHS = NO;
				CLANG_ANALYZER_NONNULL = YES;
				CLANG_ANALYZER_NUMBER_OBJECT_CONVERSION = YES_AGGRESSIVE;
				CLANG_CXX_LANGUAGE_STANDARD = "gnu++14";
				CLANG_CXX_LIBRARY = "libc++";
				CLANG_ENABLE_MODULES = YES;
				CLANG_ENABLE_OBJC_ARC = YES;
				CLANG_ENABLE_OBJC_WEAK = YES;
				CLANG_WARN_BLOCK_CAPTURE_AUTORELEASING = YES;
				CLANG_WARN_BOOL_CONVERSION = YES;
				CLANG_WARN_COMMA = YES;
				CLANG_WARN_CONSTANT_CONVERSION = YES;
				CLANG_WARN_DEPRECATED_OBJC_IMPLEMENTATIONS = YES;
				CLANG_WARN_DIRECT_OBJC_ISA_USAGE = YES_ERROR;
				CLANG_WARN_DOCUMENTATION_COMMENTS = YES;
				CLANG_WARN_EMPTY_BODY = YES;
				CLANG_WARN_ENUM_CONVERSION = YES;
				CLANG_WARN_INFINITE_RECURSION = YES;
				CLANG_WARN_INT_CONVERSION = YES;
				CLANG_WARN_NON_LITERAL_NULL_CONVERSION = YES;
				CLANG_WARN_OBJC_IMPLICIT_RETAIN_SELF = YES;
				CLANG_WARN_OBJC_LITERAL_CONVERSION = YES;
				CLANG_WARN_OBJC_ROOT_CLASS = YES_ERROR;
				CLANG_WARN_RANGE_LOOP_ANALYSIS = YES;
				CLANG_WARN_STRICT_PROTOTYPES = YES;
				CLANG_WARN_SUSPICIOUS_MOVE = YES;
				CLANG_WARN_UNGUARDED_AVAILABILITY = YES_AGGRESSIVE;
				CLANG_WARN_UNREACHABLE_CODE = YES;
				CLANG_WARN__DUPLICATE_METHOD_MATCH = YES;
				CODE_SIGN_IDENTITY = "iPhone Developer";
				COPY_PHASE_STRIP = NO;
				DEBUG_INFORMATION_FORMAT = "dwarf-with-dsym";
				ENABLE_NS_ASSERTIONS = NO;
				ENABLE_STRICT_OBJC_MSGSEND = YES;
				GCC_C_LANGUAGE_STANDARD = gnu11;
				GCC_NO_COMMON_BLOCKS = YES;
				GCC_WARN_64_TO_32_BIT_CONVERSION = YES;
				GCC_WARN_ABOUT_RETURN_TYPE = YES_ERROR;
				GCC_WARN_UNDECLARED_SELECTOR = YES;
				GCC_WARN_UNINITIALIZED_AUTOS = YES_AGGRESSIVE;
				GCC_WARN_UNUSED_FUNCTION = YES;
				GCC_WARN_UNUSED_VARIABLE = YES;
				IPHONEOS_DEPLOYMENT_TARGET = 12.1;
				MTL_ENABLE_DEBUG_INFO = NO;
				MTL_FAST_MATH = YES;
				SDKROOT = iphoneos;
				SWIFT_COMPILATION_MODE = wholemodule;
				SWIFT_OPTIMIZATION_LEVEL = "-O";
				VALIDATE_PRODUCT = YES;
			};
			name = Release;
		};
		CAEDCD3A21FA087600EA3124 /* Debug */ = {
			isa = XCBuildConfiguration;
			buildSettings = {
				ASSETCATALOG_COMPILER_APPICON_NAME = AppIcon;
				CODE_SIGN_STYLE = Automatic;
				DEVELOPMENT_TEAM = 626XQPR972;
				INFOPLIST_FILE = "Occlusion NBDE prep/Info.plist";
				LD_RUNPATH_SEARCH_PATHS = (
					"$(inherited)",
					"@executable_path/Frameworks",
				);
				PRODUCT_BUNDLE_IDENTIFIER = "drnauman2016-gmail.com.Occlusion-NBDE-prep";
				PRODUCT_NAME = "$(TARGET_NAME)";
				SWIFT_VERSION = 4.2;
				TARGETED_DEVICE_FAMILY = "1,2";
			};
			name = Debug;
		};
		CAEDCD3B21FA087600EA3124 /* Release */ = {
			isa = XCBuildConfiguration;
			buildSettings = {
				ASSETCATALOG_COMPILER_APPICON_NAME = AppIcon;
				CODE_SIGN_STYLE = Automatic;
				DEVELOPMENT_TEAM = 626XQPR972;
				INFOPLIST_FILE = "Occlusion NBDE prep/Info.plist";
				LD_RUNPATH_SEARCH_PATHS = (
					"$(inherited)",
					"@executable_path/Frameworks",
				);
				PRODUCT_BUNDLE_IDENTIFIER = "drnauman2016-gmail.com.Occlusion-NBDE-prep";
				PRODUCT_NAME = "$(TARGET_NAME)";
				SWIFT_VERSION = 4.2;
				TARGETED_DEVICE_FAMILY = "1,2";
			};
			name = Release;
		};
/* End XCBuildConfiguration section */

/* Begin XCConfigurationList section */
		CAEDCD2221FA087500EA3124 /* Build configuration list for PBXProject "Occlusion NBDE prep" */ = {
			isa = XCConfigurationList;
			buildConfigurations = (
				CAEDCD3721FA087600EA3124 /* Debug */,
				CAEDCD3821FA087600EA3124 /* Release */,
			);
			defaultConfigurationIsVisible = 0;
			defaultConfigurationName = Release;
		};
		CAEDCD3921FA087600EA3124 /* Build configuration list for PBXNativeTarget "Occlusion NBDE prep" */ = {
			isa = XCConfigurationList;
			buildConfigurations = (
				CAEDCD3A21FA087600EA3124 /* Debug */,
				CAEDCD3B21FA087600EA3124 /* Release */,
			);
			defaultConfigurationIsVisible = 0;
			defaultConfigurationName = Release;
		};
/* End XCConfigurationList section */
	};
	rootObject = CAEDCD1F21FA087500EA3124 /* Project object */;
}
